// !$*UTF8*$!
{
	archiveVersion = 1;
	classes = {
	};
	objectVersion = 46;
	objects = {

/* Begin PBXBuildFile section */
		040B96FA1E1CB01500387DCF /* GoogleService-Info.plist in Resources */ = {isa = PBXBuildFile; fileRef = 040B96F91E1CB01500387DCF /* GoogleService-Info.plist */; };
		040B97071E1CB37C00387DCF /* UD_LoginViewController.swift in Sources */ = {isa = PBXBuildFile; fileRef = 040B97051E1CB37C00387DCF /* UD_LoginViewController.swift */; };
		040B97081E1CB37C00387DCF /* UD_LoginViewController.xib in Resources */ = {isa = PBXBuildFile; fileRef = 040B97061E1CB37C00387DCF /* UD_LoginViewController.xib */; };
		040B970B1E1CD5AD00387DCF /* UD_SignUpViewController.swift in Sources */ = {isa = PBXBuildFile; fileRef = 040B97091E1CD5AD00387DCF /* UD_SignUpViewController.swift */; };
		040B970C1E1CD5AD00387DCF /* UD_SignUpViewController.xib in Resources */ = {isa = PBXBuildFile; fileRef = 040B970A1E1CD5AD00387DCF /* UD_SignUpViewController.xib */; };
		040B97141E1CED1F00387DCF /* UD_MainViewController.swift in Sources */ = {isa = PBXBuildFile; fileRef = 040B97121E1CED1F00387DCF /* UD_MainViewController.swift */; };
		040B97151E1CED1F00387DCF /* UD_MainViewController.xib in Resources */ = {isa = PBXBuildFile; fileRef = 040B97131E1CED1F00387DCF /* UD_MainViewController.xib */; };
		040B97191E1CEF6800387DCF /* Global.swift in Sources */ = {isa = PBXBuildFile; fileRef = 040B97181E1CEF6800387DCF /* Global.swift */; };
		040B971C1E1CFDA000387DCF /* UD_RoomViewController.swift in Sources */ = {isa = PBXBuildFile; fileRef = 040B971A1E1CFDA000387DCF /* UD_RoomViewController.swift */; };
		040B971D1E1CFDA000387DCF /* UD_RoomViewController.xib in Resources */ = {isa = PBXBuildFile; fileRef = 040B971B1E1CFDA000387DCF /* UD_RoomViewController.xib */; };
		040B97211E1CFF9E00387DCF /* UD_RoomTableViewCell.swift in Sources */ = {isa = PBXBuildFile; fileRef = 040B971F1E1CFF9E00387DCF /* UD_RoomTableViewCell.swift */; };
		040B97221E1CFF9E00387DCF /* UD_RoomTableViewCell.xib in Resources */ = {isa = PBXBuildFile; fileRef = 040B97201E1CFF9E00387DCF /* UD_RoomTableViewCell.xib */; };
		040B97251E1D069C00387DCF /* User.swift in Sources */ = {isa = PBXBuildFile; fileRef = 040B97241E1D069C00387DCF /* User.swift */; };
		043D58941E30B8450079827F /* UD_UserJoinTableViewCell.swift in Sources */ = {isa = PBXBuildFile; fileRef = 043D58921E30B8450079827F /* UD_UserJoinTableViewCell.swift */; };
		043D58951E30B8450079827F /* UD_UserJoinTableViewCell.xib in Resources */ = {isa = PBXBuildFile; fileRef = 043D58931E30B8450079827F /* UD_UserJoinTableViewCell.xib */; };
		045DB7D41E1E491C005F29A0 /* Room.swift in Sources */ = {isa = PBXBuildFile; fileRef = 045DB7D31E1E491C005F29A0 /* Room.swift */; };
		0463007F1E1CADCD00C8FC15 /* AppDelegate.swift in Sources */ = {isa = PBXBuildFile; fileRef = 0463007E1E1CADCD00C8FC15 /* AppDelegate.swift */; };
		046300841E1CADCD00C8FC15 /* Main.storyboard in Resources */ = {isa = PBXBuildFile; fileRef = 046300821E1CADCD00C8FC15 /* Main.storyboard */; };
		046300861E1CADCD00C8FC15 /* Assets.xcassets in Resources */ = {isa = PBXBuildFile; fileRef = 046300851E1CADCD00C8FC15 /* Assets.xcassets */; };
		046300891E1CADCD00C8FC15 /* LaunchScreen.storyboard in Resources */ = {isa = PBXBuildFile; fileRef = 046300871E1CADCD00C8FC15 /* LaunchScreen.storyboard */; };
		047997611E24D0E0002E115C /* UD_PlayViewController.swift in Sources */ = {isa = PBXBuildFile; fileRef = 0479975F1E24D0E0002E115C /* UD_PlayViewController.swift */; };
		047997621E24D0E0002E115C /* UD_PlayViewController.xib in Resources */ = {isa = PBXBuildFile; fileRef = 047997601E24D0E0002E115C /* UD_PlayViewController.xib */; };
		A1DFE96693645F5D207460D6 /* Pods_UnoDealer.framework in Frameworks */ = {isa = PBXBuildFile; fileRef = 64ACBAEF6ABD12A78F6AA4B2 /* Pods_UnoDealer.framework */; };
/* End PBXBuildFile section */

/* Begin PBXFileReference section */
		040B96F91E1CB01500387DCF /* GoogleService-Info.plist */ = {isa = PBXFileReference; fileEncoding = 4; lastKnownFileType = text.plist.xml; path = "GoogleService-Info.plist"; sourceTree = "<group>"; };
		040B97051E1CB37C00387DCF /* UD_LoginViewController.swift */ = {isa = PBXFileReference; fileEncoding = 4; lastKnownFileType = sourcecode.swift; name = UD_LoginViewController.swift; path = ViewController/Profile/UD_LoginViewController.swift; sourceTree = "<group>"; };
		040B97061E1CB37C00387DCF /* UD_LoginViewController.xib */ = {isa = PBXFileReference; fileEncoding = 4; lastKnownFileType = file.xib; name = UD_LoginViewController.xib; path = ViewController/Profile/UD_LoginViewController.xib; sourceTree = "<group>"; };
		040B97091E1CD5AD00387DCF /* UD_SignUpViewController.swift */ = {isa = PBXFileReference; fileEncoding = 4; lastKnownFileType = sourcecode.swift; name = UD_SignUpViewController.swift; path = ViewController/Profile/UD_SignUpViewController.swift; sourceTree = "<group>"; };
		040B970A1E1CD5AD00387DCF /* UD_SignUpViewController.xib */ = {isa = PBXFileReference; fileEncoding = 4; lastKnownFileType = file.xib; name = UD_SignUpViewController.xib; path = ViewController/Profile/UD_SignUpViewController.xib; sourceTree = "<group>"; };
		040B97121E1CED1F00387DCF /* UD_MainViewController.swift */ = {isa = PBXFileReference; fileEncoding = 4; lastKnownFileType = sourcecode.swift; name = UD_MainViewController.swift; path = ViewController/Main/UD_MainViewController.swift; sourceTree = "<group>"; };
		040B97131E1CED1F00387DCF /* UD_MainViewController.xib */ = {isa = PBXFileReference; fileEncoding = 4; lastKnownFileType = file.xib; name = UD_MainViewController.xib; path = ViewController/Main/UD_MainViewController.xib; sourceTree = "<group>"; };
		040B97181E1CEF6800387DCF /* Global.swift */ = {isa = PBXFileReference; fileEncoding = 4; lastKnownFileType = sourcecode.swift; path = Global.swift; sourceTree = "<group>"; };
		040B971A1E1CFDA000387DCF /* UD_RoomViewController.swift */ = {isa = PBXFileReference; fileEncoding = 4; lastKnownFileType = sourcecode.swift; path = UD_RoomViewController.swift; sourceTree = "<group>"; };
		040B971B1E1CFDA000387DCF /* UD_RoomViewController.xib */ = {isa = PBXFileReference; fileEncoding = 4; lastKnownFileType = file.xib; path = UD_RoomViewController.xib; sourceTree = "<group>"; };
		040B971F1E1CFF9E00387DCF /* UD_RoomTableViewCell.swift */ = {isa = PBXFileReference; fileEncoding = 4; lastKnownFileType = sourcecode.swift; name = UD_RoomTableViewCell.swift; path = ViewController/Main/CustomCell/UD_RoomTableViewCell.swift; sourceTree = "<group>"; };
		040B97201E1CFF9E00387DCF /* UD_RoomTableViewCell.xib */ = {isa = PBXFileReference; fileEncoding = 4; lastKnownFileType = file.xib; name = UD_RoomTableViewCell.xib; path = ViewController/Main/CustomCell/UD_RoomTableViewCell.xib; sourceTree = "<group>"; };
		040B97241E1D069C00387DCF /* User.swift */ = {isa = PBXFileReference; fileEncoding = 4; lastKnownFileType = sourcecode.swift; name = User.swift; path = Model/User.swift; sourceTree = "<group>"; };
		043D58921E30B8450079827F /* UD_UserJoinTableViewCell.swift */ = {isa = PBXFileReference; fileEncoding = 4; lastKnownFileType = sourcecode.swift; name = UD_UserJoinTableViewCell.swift; path = ViewController/Main/CustomCell/UD_UserJoinTableViewCell.swift; sourceTree = "<group>"; };
		043D58931E30B8450079827F /* UD_UserJoinTableViewCell.xib */ = {isa = PBXFileReference; fileEncoding = 4; lastKnownFileType = file.xib; name = UD_UserJoinTableViewCell.xib; path = ViewController/Main/CustomCell/UD_UserJoinTableViewCell.xib; sourceTree = "<group>"; };
		045DB7D31E1E491C005F29A0 /* Room.swift */ = {isa = PBXFileReference; fileEncoding = 4; lastKnownFileType = sourcecode.swift; path = Room.swift; sourceTree = "<group>"; };
		0463007B1E1CADCD00C8FC15 /* UnoDealer.app */ = {isa = PBXFileReference; explicitFileType = wrapper.application; includeInIndex = 0; path = UnoDealer.app; sourceTree = BUILT_PRODUCTS_DIR; };
		0463007E1E1CADCD00C8FC15 /* AppDelegate.swift */ = {isa = PBXFileReference; lastKnownFileType = sourcecode.swift; path = AppDelegate.swift; sourceTree = "<group>"; };
		046300831E1CADCD00C8FC15 /* Base */ = {isa = PBXFileReference; lastKnownFileType = file.storyboard; name = Base; path = Base.lproj/Main.storyboard; sourceTree = "<group>"; };
		046300851E1CADCD00C8FC15 /* Assets.xcassets */ = {isa = PBXFileReference; lastKnownFileType = folder.assetcatalog; path = Assets.xcassets; sourceTree = "<group>"; };
		046300881E1CADCD00C8FC15 /* Base */ = {isa = PBXFileReference; lastKnownFileType = file.storyboard; name = Base; path = Base.lproj/LaunchScreen.storyboard; sourceTree = "<group>"; };
		0463008A1E1CADCD00C8FC15 /* Info.plist */ = {isa = PBXFileReference; lastKnownFileType = text.plist.xml; path = Info.plist; sourceTree = "<group>"; };
		0479975D1E24C059002E115C /* NVActivityIndicatorView.framework */ = {isa = PBXFileReference; lastKnownFileType = wrapper.framework; name = NVActivityIndicatorView.framework; path = "../../../../Library/Developer/Xcode/DerivedData/UnoDealer-akkqiwppxbbgxidpqnyzqtwcvpff/Build/Products/Debug-iphoneos/NVActivityIndicatorView/NVActivityIndicatorView.framework"; sourceTree = "<group>"; };
		0479975F1E24D0E0002E115C /* UD_PlayViewController.swift */ = {isa = PBXFileReference; fileEncoding = 4; lastKnownFileType = sourcecode.swift; name = UD_PlayViewController.swift; path = ViewController/Main/UD_PlayViewController.swift; sourceTree = "<group>"; };
		047997601E24D0E0002E115C /* UD_PlayViewController.xib */ = {isa = PBXFileReference; fileEncoding = 4; lastKnownFileType = file.xib; name = UD_PlayViewController.xib; path = ViewController/Main/UD_PlayViewController.xib; sourceTree = "<group>"; };
		084133E7CEBA60B61C3D704F /* Pods-UnoDealer.release.xcconfig */ = {isa = PBXFileReference; includeInIndex = 1; lastKnownFileType = text.xcconfig; name = "Pods-UnoDealer.release.xcconfig"; path = "Pods/Target Support Files/Pods-UnoDealer/Pods-UnoDealer.release.xcconfig"; sourceTree = "<group>"; };
		64ACBAEF6ABD12A78F6AA4B2 /* Pods_UnoDealer.framework */ = {isa = PBXFileReference; explicitFileType = wrapper.framework; includeInIndex = 0; path = Pods_UnoDealer.framework; sourceTree = BUILT_PRODUCTS_DIR; };
		CFF831274A777D32D8AAFA8D /* Pods-UnoDealer.debug.xcconfig */ = {isa = PBXFileReference; includeInIndex = 1; lastKnownFileType = text.xcconfig; name = "Pods-UnoDealer.debug.xcconfig"; path = "Pods/Target Support Files/Pods-UnoDealer/Pods-UnoDealer.debug.xcconfig"; sourceTree = "<group>"; };
/* End PBXFileReference section */

/* Begin PBXFrameworksBuildPhase section */
		046300781E1CADCD00C8FC15 /* Frameworks */ = {
			isa = PBXFrameworksBuildPhase;
			buildActionMask = 2147483647;
			files = (
				A1DFE96693645F5D207460D6 /* Pods_UnoDealer.framework in Frameworks */,
			);
			runOnlyForDeploymentPostprocessing = 0;
		};
/* End PBXFrameworksBuildPhase section */

/* Begin PBXGroup section */
		040B96FB1E1CB2CE00387DCF /* ViewController */ = {
			isa = PBXGroup;
			children = (
				040B970D1E1CECCE00387DCF /* Main */,
				040B96FC1E1CB2DA00387DCF /* Profile */,
			);
			name = ViewController;
			sourceTree = "<group>";
		};
		040B96FC1E1CB2DA00387DCF /* Profile */ = {
			isa = PBXGroup;
			children = (
				040B97051E1CB37C00387DCF /* UD_LoginViewController.swift */,
				040B97061E1CB37C00387DCF /* UD_LoginViewController.xib */,
				040B97091E1CD5AD00387DCF /* UD_SignUpViewController.swift */,
				040B970A1E1CD5AD00387DCF /* UD_SignUpViewController.xib */,
			);
			name = Profile;
			sourceTree = "<group>";
		};
		040B970D1E1CECCE00387DCF /* Main */ = {
			isa = PBXGroup;
			children = (
				040B971E1E1CFF7100387DCF /* CustomCell */,
				040B97121E1CED1F00387DCF /* UD_MainViewController.swift */,
				040B97131E1CED1F00387DCF /* UD_MainViewController.xib */,
				040B971A1E1CFDA000387DCF /* UD_RoomViewController.swift */,
				040B971B1E1CFDA000387DCF /* UD_RoomViewController.xib */,
				0479975F1E24D0E0002E115C /* UD_PlayViewController.swift */,
				047997601E24D0E0002E115C /* UD_PlayViewController.xib */,
			);
			name = Main;
			sourceTree = "<group>";
		};
		040B971E1E1CFF7100387DCF /* CustomCell */ = {
			isa = PBXGroup;
			children = (
				040B971F1E1CFF9E00387DCF /* UD_RoomTableViewCell.swift */,
				040B97201E1CFF9E00387DCF /* UD_RoomTableViewCell.xib */,
				043D58921E30B8450079827F /* UD_UserJoinTableViewCell.swift */,
				043D58931E30B8450079827F /* UD_UserJoinTableViewCell.xib */,
			);
			name = CustomCell;
			sourceTree = "<group>";
		};
		040B97231E1D067F00387DCF /* Model */ = {
			isa = PBXGroup;
			children = (
				040B97241E1D069C00387DCF /* User.swift */,
				045DB7D31E1E491C005F29A0 /* Room.swift */,
			);
			name = Model;
			sourceTree = "<group>";
		};
		046300721E1CADCC00C8FC15 = {
			isa = PBXGroup;
			children = (
				0463007D1E1CADCD00C8FC15 /* UnoDealer */,
				0463007C1E1CADCD00C8FC15 /* Products */,
				9ECA09FE85C8A40BBF79E098 /* Pods */,
				4D8CB02AB941557E42C83677 /* Frameworks */,
			);
			sourceTree = "<group>";
		};
		0463007C1E1CADCD00C8FC15 /* Products */ = {
			isa = PBXGroup;
			children = (
				0463007B1E1CADCD00C8FC15 /* UnoDealer.app */,
			);
			name = Products;
			sourceTree = "<group>";
		};
		0463007D1E1CADCD00C8FC15 /* UnoDealer */ = {
			isa = PBXGroup;
			children = (
				040B97231E1D067F00387DCF /* Model */,
				040B96FB1E1CB2CE00387DCF /* ViewController */,
				0463007E1E1CADCD00C8FC15 /* AppDelegate.swift */,
				046300821E1CADCD00C8FC15 /* Main.storyboard */,
				046300851E1CADCD00C8FC15 /* Assets.xcassets */,
				046300871E1CADCD00C8FC15 /* LaunchScreen.storyboard */,
				0463008A1E1CADCD00C8FC15 /* Info.plist */,
				040B96F91E1CB01500387DCF /* GoogleService-Info.plist */,
				040B97181E1CEF6800387DCF /* Global.swift */,
			);
			path = UnoDealer;
			sourceTree = "<group>";
		};
		4D8CB02AB941557E42C83677 /* Frameworks */ = {
			isa = PBXGroup;
			children = (
				0479975D1E24C059002E115C /* NVActivityIndicatorView.framework */,
				64ACBAEF6ABD12A78F6AA4B2 /* Pods_UnoDealer.framework */,
			);
			name = Frameworks;
			sourceTree = "<group>";
		};
		9ECA09FE85C8A40BBF79E098 /* Pods */ = {
			isa = PBXGroup;
			children = (
				CFF831274A777D32D8AAFA8D /* Pods-UnoDealer.debug.xcconfig */,
				084133E7CEBA60B61C3D704F /* Pods-UnoDealer.release.xcconfig */,
			);
			name = Pods;
			sourceTree = "<group>";
		};
/* End PBXGroup section */

/* Begin PBXNativeTarget section */
		0463007A1E1CADCD00C8FC15 /* UnoDealer */ = {
			isa = PBXNativeTarget;
			buildConfigurationList = 0463008D1E1CADCD00C8FC15 /* Build configuration list for PBXNativeTarget "UnoDealer" */;
			buildPhases = (
				D220D44720B513FDDBC1315A /* [CP] Check Pods Manifest.lock */,
				046300771E1CADCD00C8FC15 /* Sources */,
				046300781E1CADCD00C8FC15 /* Frameworks */,
				046300791E1CADCD00C8FC15 /* Resources */,
				D2CA3380A8A80C2C27BF450B /* [CP] Embed Pods Frameworks */,
				CD8CDA70110204947D88E062 /* [CP] Copy Pods Resources */,
			);
			buildRules = (
			);
			dependencies = (
			);
			name = UnoDealer;
			productName = UnoDealer;
			productReference = 0463007B1E1CADCD00C8FC15 /* UnoDealer.app */;
			productType = "com.apple.product-type.application";
		};
/* End PBXNativeTarget section */

/* Begin PBXProject section */
		046300731E1CADCC00C8FC15 /* Project object */ = {
			isa = PBXProject;
			attributes = {
				LastSwiftUpdateCheck = 0820;
				LastUpgradeCheck = 0820;
				ORGANIZATIONNAME = VietAnh;
				TargetAttributes = {
					0463007A1E1CADCD00C8FC15 = {
						CreatedOnToolsVersion = 8.2.1;
						DevelopmentTeam = L6T2HL6MP7;
						ProvisioningStyle = Automatic;
					};
				};
			};
			buildConfigurationList = 046300761E1CADCD00C8FC15 /* Build configuration list for PBXProject "UnoDealer" */;
			compatibilityVersion = "Xcode 3.2";
			developmentRegion = English;
			hasScannedForEncodings = 0;
			knownRegions = (
				en,
				Base,
			);
			mainGroup = 046300721E1CADCC00C8FC15;
			productRefGroup = 0463007C1E1CADCD00C8FC15 /* Products */;
			projectDirPath = "";
			projectRoot = "";
			targets = (
				0463007A1E1CADCD00C8FC15 /* UnoDealer */,
			);
		};
/* End PBXProject section */

/* Begin PBXResourcesBuildPhase section */
		046300791E1CADCD00C8FC15 /* Resources */ = {
			isa = PBXResourcesBuildPhase;
			buildActionMask = 2147483647;
			files = (
				046300891E1CADCD00C8FC15 /* LaunchScreen.storyboard in Resources */,
				040B97151E1CED1F00387DCF /* UD_MainViewController.xib in Resources */,
				043D58951E30B8450079827F /* UD_UserJoinTableViewCell.xib in Resources */,
				040B97221E1CFF9E00387DCF /* UD_RoomTableViewCell.xib in Resources */,
				040B97081E1CB37C00387DCF /* UD_LoginViewController.xib in Resources */,
				046300861E1CADCD00C8FC15 /* Assets.xcassets in Resources */,
				046300841E1CADCD00C8FC15 /* Main.storyboard in Resources */,
				040B96FA1E1CB01500387DCF /* GoogleService-Info.plist in Resources */,
				040B971D1E1CFDA000387DCF /* UD_RoomViewController.xib in Resources */,
				040B970C1E1CD5AD00387DCF /* UD_SignUpViewController.xib in Resources */,
				047997621E24D0E0002E115C /* UD_PlayViewController.xib in Resources */,
			);
			runOnlyForDeploymentPostprocessing = 0;
		};
/* End PBXResourcesBuildPhase section */

/* Begin PBXShellScriptBuildPhase section */
		CD8CDA70110204947D88E062 /* [CP] Copy Pods Resources */ = {
			isa = PBXShellScriptBuildPhase;
			buildActionMask = 2147483647;
			files = (
			);
			inputPaths = (
			);
			name = "[CP] Copy Pods Resources";
			outputPaths = (
			);
			runOnlyForDeploymentPostprocessing = 0;
			shellPath = /bin/sh;
			shellScript = "\"${SRCROOT}/Pods/Target Support Files/Pods-UnoDealer/Pods-UnoDealer-resources.sh\"\n";
			showEnvVarsInLog = 0;
		};
		D220D44720B513FDDBC1315A /* [CP] Check Pods Manifest.lock */ = {
			isa = PBXShellScriptBuildPhase;
			buildActionMask = 2147483647;
			files = (
			);
			inputPaths = (
			);
			name = "[CP] Check Pods Manifest.lock";
			outputPaths = (
			);
			runOnlyForDeploymentPostprocessing = 0;
			shellPath = /bin/sh;
			shellScript = "diff \"${PODS_ROOT}/../Podfile.lock\" \"${PODS_ROOT}/Manifest.lock\" > /dev/null\nif [[ $? != 0 ]] ; then\n    cat << EOM\nerror: The sandbox is not in sync with the Podfile.lock. Run 'pod install' or update your CocoaPods installation.\nEOM\n    exit 1\nfi\n";
			showEnvVarsInLog = 0;
		};
		D2CA3380A8A80C2C27BF450B /* [CP] Embed Pods Frameworks */ = {
			isa = PBXShellScriptBuildPhase;
			buildActionMask = 2147483647;
			files = (
			);
			inputPaths = (
			);
			name = "[CP] Embed Pods Frameworks";
			outputPaths = (
			);
			runOnlyForDeploymentPostprocessing = 0;
			shellPath = /bin/sh;
			shellScript = "\"${SRCROOT}/Pods/Target Support Files/Pods-UnoDealer/Pods-UnoDealer-frameworks.sh\"\n";
			showEnvVarsInLog = 0;
		};
/* End PBXShellScriptBuildPhase section */

/* Begin PBXSourcesBuildPhase section */
		046300771E1CADCD00C8FC15 /* Sources */ = {
			isa = PBXSourcesBuildPhase;
			buildActionMask = 2147483647;
			files = (
				040B97141E1CED1F00387DCF /* UD_MainViewController.swift in Sources */,
				047997611E24D0E0002E115C /* UD_PlayViewController.swift in Sources */,
				040B97191E1CEF6800387DCF /* Global.swift in Sources */,
				040B970B1E1CD5AD00387DCF /* UD_SignUpViewController.swift in Sources */,
				045DB7D41E1E491C005F29A0 /* Room.swift in Sources */,
				040B97071E1CB37C00387DCF /* UD_LoginViewController.swift in Sources */,
				040B97251E1D069C00387DCF /* User.swift in Sources */,
				040B97211E1CFF9E00387DCF /* UD_RoomTableViewCell.swift in Sources */,
				0463007F1E1CADCD00C8FC15 /* AppDelegate.swift in Sources */,
				040B971C1E1CFDA000387DCF /* UD_RoomViewController.swift in Sources */,
				043D58941E30B8450079827F /* UD_UserJoinTableViewCell.swift in Sources */,
			);
			runOnlyForDeploymentPostprocessing = 0;
		};
/* End PBXSourcesBuildPhase section */

/* Begin PBXVariantGroup section */
		046300821E1CADCD00C8FC15 /* Main.storyboard */ = {
			isa = PBXVariantGroup;
			children = (
				046300831E1CADCD00C8FC15 /* Base */,
			);
			name = Main.storyboard;
			sourceTree = "<group>";
		};
		046300871E1CADCD00C8FC15 /* LaunchScreen.storyboard */ = {
			isa = PBXVariantGroup;
			children = (
				046300881E1CADCD00C8FC15 /* Base */,
			);
			name = LaunchScreen.storyboard;
			sourceTree = "<group>";
		};
/* End PBXVariantGroup section */

/* Begin XCBuildConfiguration section */
		0463008B1E1CADCD00C8FC15 /* Debug */ = {
			isa = XCBuildConfiguration;
			buildSettings = {
				ALWAYS_SEARCH_USER_PATHS = NO;
				CLANG_ANALYZER_NONNULL = YES;
				CLANG_CXX_LANGUAGE_STANDARD = "gnu++0x";
				CLANG_CXX_LIBRARY = "libc++";
				CLANG_ENABLE_MODULES = YES;
				CLANG_ENABLE_OBJC_ARC = YES;
				CLANG_WARN_BOOL_CONVERSION = YES;
				CLANG_WARN_CONSTANT_CONVERSION = YES;
				CLANG_WARN_DIRECT_OBJC_ISA_USAGE = YES_ERROR;
				CLANG_WARN_DOCUMENTATION_COMMENTS = YES;
				CLANG_WARN_EMPTY_BODY = YES;
				CLANG_WARN_ENUM_CONVERSION = YES;
				CLANG_WARN_INFINITE_RECURSION = YES;
				CLANG_WARN_INT_CONVERSION = YES;
				CLANG_WARN_OBJC_ROOT_CLASS = YES_ERROR;
				CLANG_WARN_SUSPICIOUS_MOVE = YES;
				CLANG_WARN_UNREACHABLE_CODE = YES;
				CLANG_WARN__DUPLICATE_METHOD_MATCH = YES;
				"CODE_SIGN_IDENTITY[sdk=iphoneos*]" = "iPhone Developer";
				COPY_PHASE_STRIP = NO;
				DEBUG_INFORMATION_FORMAT = dwarf;
				ENABLE_STRICT_OBJC_MSGSEND = YES;
				ENABLE_TESTABILITY = YES;
				GCC_C_LANGUAGE_STANDARD = gnu99;
				GCC_DYNAMIC_NO_PIC = NO;
				GCC_NO_COMMON_BLOCKS = YES;
				GCC_OPTIMIZATION_LEVEL = 0;
				GCC_PREPROCESSOR_DEFINITIONS = (
					"DEBUG=1",
					"$(inherited)",
				);
				GCC_WARN_64_TO_32_BIT_CONVERSION = YES;
				GCC_WARN_ABOUT_RETURN_TYPE = YES_ERROR;
				GCC_WARN_UNDECLARED_SELECTOR = YES;
				GCC_WARN_UNINITIALIZED_AUTOS = YES_AGGRESSIVE;
				GCC_WARN_UNUSED_FUNCTION = YES;
				GCC_WARN_UNUSED_VARIABLE = YES;
				IPHONEOS_DEPLOYMENT_TARGET = 10.2;
				MTL_ENABLE_DEBUG_INFO = YES;
				ONLY_ACTIVE_ARCH = YES;
				SDKROOT = iphoneos;
				SWIFT_ACTIVE_COMPILATION_CONDITIONS = DEBUG;
				SWIFT_OPTIMIZATION_LEVEL = "-Onone";
			};
			name = Debug;
		};
		0463008C1E1CADCD00C8FC15 /* Release */ = {
			isa = XCBuildConfiguration;
			buildSettings = {
				ALWAYS_SEARCH_USER_PATHS = NO;
				CLANG_ANALYZER_NONNULL = YES;
				CLANG_CXX_LANGUAGE_STANDARD = "gnu++0x";
				CLANG_CXX_LIBRARY = "libc++";
				CLANG_ENABLE_MODULES = YES;
				CLANG_ENABLE_OBJC_ARC = YES;
				CLANG_WARN_BOOL_CONVERSION = YES;
				CLANG_WARN_CONSTANT_CONVERSION = YES;
				CLANG_WARN_DIRECT_OBJC_ISA_USAGE = YES_ERROR;
				CLANG_WARN_DOCUMENTATION_COMMENTS = YES;
				CLANG_WARN_EMPTY_BODY = YES;
				CLANG_WARN_ENUM_CONVERSION = YES;
				CLANG_WARN_INFINITE_RECURSION = YES;
				CLANG_WARN_INT_CONVERSION = YES;
				CLANG_WARN_OBJC_ROOT_CLASS = YES_ERROR;
				CLANG_WARN_SUSPICIOUS_MOVE = YES;
				CLANG_WARN_UNREACHABLE_CODE = YES;
				CLANG_WARN__DUPLICATE_METHOD_MATCH = YES;
				"CODE_SIGN_IDENTITY[sdk=iphoneos*]" = "iPhone Developer";
				COPY_PHASE_STRIP = NO;
				DEBUG_INFORMATION_FORMAT = "dwarf-with-dsym";
				ENABLE_NS_ASSERTIONS = NO;
				ENABLE_STRICT_OBJC_MSGSEND = YES;
				GCC_C_LANGUAGE_STANDARD = gnu99;
				GCC_NO_COMMON_BLOCKS = YES;
				GCC_WARN_64_TO_32_BIT_CONVERSION = YES;
				GCC_WARN_ABOUT_RETURN_TYPE = YES_ERROR;
				GCC_WARN_UNDECLARED_SELECTOR = YES;
				GCC_WARN_UNINITIALIZED_AUTOS = YES_AGGRESSIVE;
				GCC_WARN_UNUSED_FUNCTION = YES;
				GCC_WARN_UNUSED_VARIABLE = YES;
				IPHONEOS_DEPLOYMENT_TARGET = 10.2;
				MTL_ENABLE_DEBUG_INFO = NO;
				SDKROOT = iphoneos;
				SWIFT_OPTIMIZATION_LEVEL = "-Owholemodule";
				VALIDATE_PRODUCT = YES;
			};
			name = Release;
		};
		0463008E1E1CADCD00C8FC15 /* Debug */ = {
			isa = XCBuildConfiguration;
			baseConfigurationReference = CFF831274A777D32D8AAFA8D /* Pods-UnoDealer.debug.xcconfig */;
			buildSettings = {
				ASSETCATALOG_COMPILER_APPICON_NAME = AppIcon;
				DEVELOPMENT_TEAM = L6T2HL6MP7;
				INFOPLIST_FILE = UnoDealer/Info.plist;
				IPHONEOS_DEPLOYMENT_TARGET = 9.3;
				LD_RUNPATH_SEARCH_PATHS = "$(inherited) @executable_path/Frameworks";
				PRODUCT_BUNDLE_IDENTIFIER = co.vclon.UnoDealer;
				PRODUCT_NAME = "$(TARGET_NAME)";
				SWIFT_VERSION = 3.0;
			};
			name = Debug;
		};
		0463008F1E1CADCD00C8FC15 /* Release */ = {
			isa = XCBuildConfiguration;
			baseConfigurationReference = 084133E7CEBA60B61C3D704F /* Pods-UnoDealer.release.xcconfig */;
			buildSettings = {
				ASSETCATALOG_COMPILER_APPICON_NAME = AppIcon;
				DEVELOPMENT_TEAM = L6T2HL6MP7;
				INFOPLIST_FILE = UnoDealer/Info.plist;
				IPHONEOS_DEPLOYMENT_TARGET = 9.3;
				LD_RUNPATH_SEARCH_PATHS = "$(inherited) @executable_path/Frameworks";
				PRODUCT_BUNDLE_IDENTIFIER = co.vclon.UnoDealer;
				PRODUCT_NAME = "$(TARGET_NAME)";
				SWIFT_VERSION = 3.0;
			};
			name = Release;
		};
/* End XCBuildConfiguration section */

/* Begin XCConfigurationList section */
		046300761E1CADCD00C8FC15 /* Build configuration list for PBXProject "UnoDealer" */ = {
			isa = XCConfigurationList;
			buildConfigurations = (
				0463008B1E1CADCD00C8FC15 /* Debug */,
				0463008C1E1CADCD00C8FC15 /* Release */,
			);
			defaultConfigurationIsVisible = 0;
			defaultConfigurationName = Release;
		};
		0463008D1E1CADCD00C8FC15 /* Build configuration list for PBXNativeTarget "UnoDealer" */ = {
			isa = XCConfigurationList;
			buildConfigurations = (
				0463008E1E1CADCD00C8FC15 /* Debug */,
				0463008F1E1CADCD00C8FC15 /* Release */,
			);
			defaultConfigurationIsVisible = 0;
			defaultConfigurationName = Release;
		};
/* End XCConfigurationList section */
	};
	rootObject = 046300731E1CADCC00C8FC15 /* Project object */;
}
